{
  "originHash" : "812d41ff4f08f9a8962cb4afea9ef79fb8a9117ce3547691bfe560efbb837258",
  "pins" : [
    {
      "identity" : "meta-wearables-dat-ios",
      "kind" : "remoteSourceControl",
      "location" : "https://github.com/facebook/meta-wearables-dat-ios",
      "state" : {
        "revision" : "2e30f1253ab76ee3c448a29dce39114ab09763c3",
        "version" : "0.8.0"
      }
    },
    {
      "identity" : "webrtc",
      "kind" : "remoteSourceControl",
      "location" : "https://github.com/stasel/WebRTC.git",
      "state" : {
        "revision" : "b4f5a90c887bde68512b8f1a6d684b27b5597b76",
        "version" : "125.0.0"
      }
    }
  ],
  "version" : 3
}
