// !$*UTF8*$!
{
	archiveVersion = 1;
	classes = {
	};
	objectVersion = 77;
	objects = {

/* Begin PBXBuildFile section */
		01A8BB0E2FEB2FCC00A55964 /* MWDATCamera in Frameworks */ = {isa = PBXBuildFile; productRef = 01A8BB0D2FEB2FCC00A55964 /* MWDATCamera */; };
		01A8BB102FEB2FCC00A55964 /* MWDATCore in Frameworks */ = {isa = PBXBuildFile; productRef = 01A8BB0F2FEB2FCC00A55964 /* MWDATCore */; };
		01A8BB122FEB2FCC00A55964 /* MWDATMockDevice in Frameworks */ = {isa = PBXBuildFile; productRef = 01A8BB112FEB2FCC00A55964 /* MWDATMockDevice */; };
		01A8BB212FEB2FCC00A55964 /* WebRTC in Frameworks */ = {isa = PBXBuildFile; productRef = 01A8BB222FEB2FCC00A55964 /* WebRTC */; };
/* End PBXBuildFile section */

/* Begin PBXFileReference section */
		01A8BAFE2FEB2EB400A55964 /* VocabGlass.app */ = {isa = PBXFileReference; explicitFileType = wrapper.application; includeInIndex = 0; path = VocabGlass.app; sourceTree = BUILT_PRODUCTS_DIR; };
		A100000000000000000000A5 /* VocabGlassTests.xctest */ = {isa = PBXFileReference; explicitFileType = wrapper.cfbundle; includeInIndex = 0; path = VocabGlassTests.xctest; sourceTree = BUILT_PRODUCTS_DIR; };
		B100000000000000000000B5 /* VocabGlassUITests.xctest */ = {isa = PBXFileReference; explicitFileType = wrapper.cfbundle; includeInIndex = 0; path = VocabGlassUITests.xctest; sourceTree = BUILT_PRODUCTS_DIR; };
/* End PBXFileReference section */

/* Begin PBXContainerItemProxy section */
		A100000000000000000000AA /* PBXContainerItemProxy */ = {
			isa = PBXContainerItemProxy;
			containerPortal = 01A8BAF62FEB2EB400A55964 /* Project object */;
			proxyType = 1;
			remoteGlobalIDString = 01A8BAFD2FEB2EB400A55964;
			remoteInfo = VocabGlass;
		};
		B100000000000000000000BA /* PBXContainerItemProxy */ = {
			isa = PBXContainerItemProxy;
			containerPortal = 01A8BAF62FEB2EB400A55964 /* Project object */;
			proxyType = 1;
			remoteGlobalIDString = 01A8BAFD2FEB2EB400A55964;
			remoteInfo = VocabGlass;
		};
/* End PBXContainerItemProxy section */

/* Begin PBXFileSystemSynchronizedBuildFileExceptionSet section */
		01A8BB142FEB30FA00A55964 /* Exceptions for "VocabGlass" folder in "VocabGlass" target */ = {
			isa = PBXFileSystemSynchronizedBuildFileExceptionSet;
			membershipExceptions = (
				Info.plist,
			);
			target = 01A8BAFD2FEB2EB400A55964 /* VocabGlass */;
		};
/* End PBXFileSystemSynchronizedBuildFileExceptionSet section */

/* Begin PBXFileSystemSynchronizedRootGroup section */
		01A8BB002FEB2EB400A55964 /* VocabGlass */ = {
			isa = PBXFileSystemSynchronizedRootGroup;
			exceptions = (
				01A8BB142FEB30FA00A55964 /* Exceptions for "VocabGlass" folder in "VocabGlass" target */,
			);
			path = VocabGlass;
			sourceTree = "<group>";
		};
		A100000000000000000000A6 /* VocabGlassTests */ = {
			isa = PBXFileSystemSynchronizedRootGroup;
			path = VocabGlassTests;
			sourceTree = "<group>";
		};
		B100000000000000000000B6 /* VocabGlassUITests */ = {
			isa = PBXFileSystemSynchronizedRootGroup;
			path = VocabGlassUITests;
			sourceTree = "<group>";
		};
/* End PBXFileSystemSynchronizedRootGroup section */

/* Begin PBXFrameworksBuildPhase section */
		01A8BAFB2FEB2EB400A55964 /* Frameworks */ = {
			isa = PBXFrameworksBuildPhase;
			buildActionMask = 2147483647;
			files = (
				01A8BB0E2FEB2FCC00A55964 /* MWDATCamera in Frameworks */,
				01A8BB122FEB2FCC00A55964 /* MWDATMockDevice in Frameworks */,
				01A8BB102FEB2FCC00A55964 /* MWDATCore in Frameworks */,
				01A8BB212FEB2FCC00A55964 /* WebRTC in Frameworks */,
			);
			runOnlyForDeploymentPostprocessing = 0;
		};
		A100000000000000000000A3 /* Frameworks */ = {
			isa = PBXFrameworksBuildPhase;
			buildActionMask = 2147483647;
			files = (
			);
			runOnlyForDeploymentPostprocessing = 0;
		};
		B100000000000000000000B3 /* Frameworks */ = {
			isa = PBXFrameworksBuildPhase;
			buildActionMask = 2147483647;
			files = (
			);
			runOnlyForDeploymentPostprocessing = 0;
		};
/* End PBXFrameworksBuildPhase section */

/* Begin PBXGroup section */
		01A8BAF52FEB2EB400A55964 = {
			isa = PBXGroup;
			children = (
				01A8BB002FEB2EB400A55964 /* VocabGlass */,
				A100000000000000000000A6 /* VocabGlassTests */,
				B100000000000000000000B6 /* VocabGlassUITests */,
				01A8BAFF2FEB2EB400A55964 /* Products */,
			);
			sourceTree = "<group>";
		};
		01A8BAFF2FEB2EB400A55964 /* Products */ = {
			isa = PBXGroup;
			children = (
				01A8BAFE2FEB2EB400A55964 /* VocabGlass.app */,
				A100000000000000000000A5 /* VocabGlassTests.xctest */,
				B100000000000000000000B5 /* VocabGlassUITests.xctest */,
			);
			name = Products;
			sourceTree = "<group>";
		};
/* End PBXGroup section */

/* Begin PBXNativeTarget section */
		01A8BAFD2FEB2EB400A55964 /* VocabGlass */ = {
			isa = PBXNativeTarget;
			buildConfigurationList = 01A8BB092FEB2EB500A55964 /* Build configuration list for PBXNativeTarget "VocabGlass" */;
			buildPhases = (
				01A8BAFA2FEB2EB400A55964 /* Sources */,
				01A8BAFB2FEB2EB400A55964 /* Frameworks */,
				01A8BAFC2FEB2EB400A55964 /* Resources */,
			);
			buildRules = (
			);
			dependencies = (
			);
			fileSystemSynchronizedGroups = (
				01A8BB002FEB2EB400A55964 /* VocabGlass */,
			);
			name = VocabGlass;
			packageProductDependencies = (
				01A8BB0D2FEB2FCC00A55964 /* MWDATCamera */,
				01A8BB0F2FEB2FCC00A55964 /* MWDATCore */,
				01A8BB112FEB2FCC00A55964 /* MWDATMockDevice */,
				01A8BB222FEB2FCC00A55964 /* WebRTC */,
			);
			productName = VocabGlass;
			productReference = 01A8BAFE2FEB2EB400A55964 /* VocabGlass.app */;
			productType = "com.apple.product-type.application";
		};
		A100000000000000000000A1 /* VocabGlassTests */ = {
			isa = PBXNativeTarget;
			buildConfigurationList = A100000000000000000000A7 /* Build configuration list for PBXNativeTarget "VocabGlassTests" */;
			buildPhases = (
				A100000000000000000000A2 /* Sources */,
				A100000000000000000000A3 /* Frameworks */,
				A100000000000000000000A4 /* Resources */,
			);
			buildRules = (
			);
			dependencies = (
				A100000000000000000000AB /* PBXTargetDependency */,
			);
			fileSystemSynchronizedGroups = (
				A100000000000000000000A6 /* VocabGlassTests */,
			);
			name = VocabGlassTests;
			packageProductDependencies = (
			);
			productName = VocabGlassTests;
			productReference = A100000000000000000000A5 /* VocabGlassTests.xctest */;
			productType = "com.apple.product-type.bundle.unit-test";
		};
		B100000000000000000000B1 /* VocabGlassUITests */ = {
			isa = PBXNativeTarget;
			buildConfigurationList = B100000000000000000000B7 /* Build configuration list for PBXNativeTarget "VocabGlassUITests" */;
			buildPhases = (
				B100000000000000000000B2 /* Sources */,
				B100000000000000000000B3 /* Frameworks */,
				B100000000000000000000B4 /* Resources */,
			);
			buildRules = (
			);
			dependencies = (
				B100000000000000000000BB /* PBXTargetDependency */,
			);
			fileSystemSynchronizedGroups = (
				B100000000000000000000B6 /* VocabGlassUITests */,
			);
			name = VocabGlassUITests;
			packageProductDependencies = (
			);
			productName = VocabGlassUITests;
			productReference = B100000000000000000000B5 /* VocabGlassUITests.xctest */;
			productType = "com.apple.product-type.bundle.ui-testing";
		};
/* End PBXNativeTarget section */

/* Begin PBXProject section */
		01A8BAF62FEB2EB400A55964 /* Project object */ = {
			isa = PBXProject;
			attributes = {
				BuildIndependentTargetsInParallel = 1;
				LastSwiftUpdateCheck = 2650;
				LastUpgradeCheck = 2650;
				TargetAttributes = {
					01A8BAFD2FEB2EB400A55964 = {
						CreatedOnToolsVersion = 26.5;
					};
					A100000000000000000000A1 = {
						CreatedOnToolsVersion = 26.5;
						TestTargetID = 01A8BAFD2FEB2EB400A55964;
					};
					B100000000000000000000B1 = {
						CreatedOnToolsVersion = 26.5;
						TestTargetID = 01A8BAFD2FEB2EB400A55964;
					};
				};
			};
			buildConfigurationList = 01A8BAF92FEB2EB400A55964 /* Build configuration list for PBXProject "VocabGlass" */;
			developmentRegion = en;
			hasScannedForEncodings = 0;
			knownRegions = (
				en,
				Base,
			);
			mainGroup = 01A8BAF52FEB2EB400A55964;
			minimizedProjectReferenceProxies = 1;
			packageReferences = (
				01A8BB0C2FEB2FCC00A55964 /* XCRemoteSwiftPackageReference "meta-wearables-dat-ios" */,
				01A8BB202FEB2FCC00A55964 /* XCRemoteSwiftPackageReference "WebRTC" */,
			);
			preferredProjectObjectVersion = 77;
			productRefGroup = 01A8BAFF2FEB2EB400A55964 /* Products */;
			projectDirPath = "";
			projectRoot = "";
			targets = (
				01A8BAFD2FEB2EB400A55964 /* VocabGlass */,
				A100000000000000000000A1 /* VocabGlassTests */,
				B100000000000000000000B1 /* VocabGlassUITests */,
			);
		};
/* End PBXProject section */

/* Begin PBXResourcesBuildPhase section */
		01A8BAFC2FEB2EB400A55964 /* Resources */ = {
			isa = PBXResourcesBuildPhase;
			buildActionMask = 2147483647;
			files = (
			);
			runOnlyForDeploymentPostprocessing = 0;
		};
		A100000000000000000000A4 /* Resources */ = {
			isa = PBXResourcesBuildPhase;
			buildActionMask = 2147483647;
			files = (
			);
			runOnlyForDeploymentPostprocessing = 0;
		};
		B100000000000000000000B4 /* Resources */ = {
			isa = PBXResourcesBuildPhase;
			buildActionMask = 2147483647;
			files = (
			);
			runOnlyForDeploymentPostprocessing = 0;
		};
/* End PBXResourcesBuildPhase section */

/* Begin PBXSourcesBuildPhase section */
		01A8BAFA2FEB2EB400A55964 /* Sources */ = {
			isa = PBXSourcesBuildPhase;
			buildActionMask = 2147483647;
			files = (
			);
			runOnlyForDeploymentPostprocessing = 0;
		};
		A100000000000000000000A2 /* Sources */ = {
			isa = PBXSourcesBuildPhase;
			buildActionMask = 2147483647;
			files = (
			);
			runOnlyForDeploymentPostprocessing = 0;
		};
		B100000000000000000000B2 /* Sources */ = {
			isa = PBXSourcesBuildPhase;
			buildActionMask = 2147483647;
			files = (
			);
			runOnlyForDeploymentPostprocessing = 0;
		};
/* End PBXSourcesBuildPhase section */

/* Begin PBXTargetDependency section */
		A100000000000000000000AB /* PBXTargetDependency */ = {
			isa = PBXTargetDependency;
			target = 01A8BAFD2FEB2EB400A55964 /* VocabGlass */;
			targetProxy = A100000000000000000000AA /* PBXContainerItemProxy */;
		};
		B100000000000000000000BB /* PBXTargetDependency */ = {
			isa = PBXTargetDependency;
			target = 01A8BAFD2FEB2EB400A55964 /* VocabGlass */;
			targetProxy = B100000000000000000000BA /* PBXContainerItemProxy */;
		};
/* End PBXTargetDependency section */

/* Begin XCBuildConfiguration section */
		01A8BB072FEB2EB500A55964 /* Debug */ = {
			isa = XCBuildConfiguration;
			buildSettings = {
				ALWAYS_SEARCH_USER_PATHS = NO;
				ASSETCATALOG_COMPILER_GENERATE_SWIFT_ASSET_SYMBOL_EXTENSIONS = YES;
				CLANG_ANALYZER_NONNULL = YES;
				CLANG_ANALYZER_NUMBER_OBJECT_CONVERSION = YES_AGGRESSIVE;
				CLANG_CXX_LANGUAGE_STANDARD = "gnu++20";
				CLANG_ENABLE_MODULES = YES;
				CLANG_ENABLE_OBJC_ARC = YES;
				CLANG_ENABLE_OBJC_WEAK = YES;
				CLANG_WARN_BLOCK_CAPTURE_AUTORELEASING = YES;
				CLANG_WARN_BOOL_CONVERSION = YES;
				CLANG_WARN_COMMA = YES;
				CLANG_WARN_CONSTANT_CONVERSION = YES;
				CLANG_WARN_DEPRECATED_OBJC_IMPLEMENTATIONS = YES;
				CLANG_WARN_DIRECT_OBJC_ISA_USAGE = YES_ERROR;
				CLANG_WARN_DOCUMENTATION_COMMENTS = YES;
				CLANG_WARN_EMPTY_BODY = YES;
				CLANG_WARN_ENUM_CONVERSION = YES;
				CLANG_WARN_INFINITE_RECURSION = YES;
				CLANG_WARN_INT_CONVERSION = YES;
				CLANG_WARN_NON_LITERAL_NULL_CONVERSION = YES;
				CLANG_WARN_OBJC_IMPLICIT_RETAIN_SELF = YES;
				CLANG_WARN_OBJC_LITERAL_CONVERSION = YES;
				CLANG_WARN_OBJC_ROOT_CLASS = YES_ERROR;
				CLANG_WARN_QUOTED_INCLUDE_IN_FRAMEWORK_HEADER = YES;
				CLANG_WARN_RANGE_LOOP_ANALYSIS = YES;
				CLANG_WARN_STRICT_PROTOTYPES = YES;
				CLANG_WARN_SUSPICIOUS_MOVE = YES;
				CLANG_WARN_UNGUARDED_AVAILABILITY = YES_AGGRESSIVE;
				CLANG_WARN_UNREACHABLE_CODE = YES;
				CLANG_WARN__DUPLICATE_METHOD_MATCH = YES;
				COPY_PHASE_STRIP = NO;
				DEBUG_INFORMATION_FORMAT = dwarf;
				DEVELOPMENT_TEAM = 4924TC3V4V;
				ENABLE_STRICT_OBJC_MSGSEND = YES;
				ENABLE_TESTABILITY = YES;
				ENABLE_USER_SCRIPT_SANDBOXING = YES;
				GCC_C_LANGUAGE_STANDARD = gnu17;
				GCC_DYNAMIC_NO_PIC = NO;
				GCC_NO_COMMON_BLOCKS = YES;
				GCC_OPTIMIZATION_LEVEL = 0;
				GCC_PREPROCESSOR_DEFINITIONS = (
					"DEBUG=1",
					"$(inherited)",
				);
				GCC_WARN_64_TO_32_BIT_CONVERSION = YES;
				GCC_WARN_ABOUT_RETURN_TYPE = YES_ERROR;
				GCC_WARN_UNDECLARED_SELECTOR = YES;
				GCC_WARN_UNINITIALIZED_AUTOS = YES_AGGRESSIVE;
				GCC_WARN_UNUSED_FUNCTION = YES;
				GCC_WARN_UNUSED_VARIABLE = YES;
				IPHONEOS_DEPLOYMENT_TARGET = 26.5;
				LOCALIZATION_PREFERS_STRING_CATALOGS = YES;
				MTL_ENABLE_DEBUG_INFO = INCLUDE_SOURCE;
				MTL_FAST_MATH = YES;
				ONLY_ACTIVE_ARCH = YES;
				SDKROOT = iphoneos;
				SWIFT_ACTIVE_COMPILATION_CONDITIONS = "DEBUG $(inherited)";
				SWIFT_OPTIMIZATION_LEVEL = "-Onone";
			};
			name = Debug;
		};
		01A8BB082FEB2EB500A55964 /* Release */ = {
			isa = XCBuildConfiguration;
			buildSettings = {
				ALWAYS_SEARCH_USER_PATHS = NO;
				ASSETCATALOG_COMPILER_GENERATE_SWIFT_ASSET_SYMBOL_EXTENSIONS = YES;
				CLANG_ANALYZER_NONNULL = YES;
				CLANG_ANALYZER_NUMBER_OBJECT_CONVERSION = YES_AGGRESSIVE;
				CLANG_CXX_LANGUAGE_STANDARD = "gnu++20";
				CLANG_ENABLE_MODULES = YES;
				CLANG_ENABLE_OBJC_ARC = YES;
				CLANG_ENABLE_OBJC_WEAK = YES;
				CLANG_WARN_BLOCK_CAPTURE_AUTORELEASING = YES;
				CLANG_WARN_BOOL_CONVERSION = YES;
				CLANG_WARN_COMMA = YES;
				CLANG_WARN_CONSTANT_CONVERSION = YES;
				CLANG_WARN_DEPRECATED_OBJC_IMPLEMENTATIONS = YES;
				CLANG_WARN_DIRECT_OBJC_ISA_USAGE = YES_ERROR;
				CLANG_WARN_DOCUMENTATION_COMMENTS = YES;
				CLANG_WARN_EMPTY_BODY = YES;
				CLANG_WARN_ENUM_CONVERSION = YES;
				CLANG_WARN_INFINITE_RECURSION = YES;
				CLANG_WARN_INT_CONVERSION = YES;
				CLANG_WARN_NON_LITERAL_NULL_CONVERSION = YES;
				CLANG_WARN_OBJC_IMPLICIT_RETAIN_SELF = YES;
				CLANG_WARN_OBJC_LITERAL_CONVERSION = YES;
				CLANG_WARN_OBJC_ROOT_CLASS = YES_ERROR;
				CLANG_WARN_QUOTED_INCLUDE_IN_FRAMEWORK_HEADER = YES;
				CLANG_WARN_RANGE_LOOP_ANALYSIS = YES;
				CLANG_WARN_STRICT_PROTOTYPES = YES;
				CLANG_WARN_SUSPICIOUS_MOVE = YES;
				CLANG_WARN_UNGUARDED_AVAILABILITY = YES_AGGRESSIVE;
				CLANG_WARN_UNREACHABLE_CODE = YES;
				CLANG_WARN__DUPLICATE_METHOD_MATCH = YES;
				COPY_PHASE_STRIP = NO;
				DEBUG_INFORMATION_FORMAT = "dwarf-with-dsym";
				DEVELOPMENT_TEAM = 4924TC3V4V;
				ENABLE_NS_ASSERTIONS = NO;
				ENABLE_STRICT_OBJC_MSGSEND = YES;
				ENABLE_USER_SCRIPT_SANDBOXING = YES;
				GCC_C_LANGUAGE_STANDARD = gnu17;
				GCC_NO_COMMON_BLOCKS = YES;
				GCC_WARN_64_TO_32_BIT_CONVERSION = YES;
				GCC_WARN_ABOUT_RETURN_TYPE = YES_ERROR;
				GCC_WARN_UNDECLARED_SELECTOR = YES;
				GCC_WARN_UNINITIALIZED_AUTOS = YES_AGGRESSIVE;
				GCC_WARN_UNUSED_FUNCTION = YES;
				GCC_WARN_UNUSED_VARIABLE = YES;
				IPHONEOS_DEPLOYMENT_TARGET = 26.5;
				LOCALIZATION_PREFERS_STRING_CATALOGS = YES;
				MTL_ENABLE_DEBUG_INFO = NO;
				MTL_FAST_MATH = YES;
				SDKROOT = iphoneos;
				SWIFT_COMPILATION_MODE = wholemodule;
				VALIDATE_PRODUCT = YES;
			};
			name = Release;
		};
		01A8BB0A2FEB2EB500A55964 /* Debug */ = {
			isa = XCBuildConfiguration;
			buildSettings = {
				ASSETCATALOG_COMPILER_APPICON_NAME = AppIcon;
				ASSETCATALOG_COMPILER_GLOBAL_ACCENT_COLOR_NAME = AccentColor;
				CODE_SIGN_STYLE = Automatic;
				CURRENT_PROJECT_VERSION = 1;
				DEVELOPMENT_TEAM = 4924TC3V4V;
				ENABLE_PREVIEWS = YES;
				GENERATE_INFOPLIST_FILE = YES;
				INFOPLIST_FILE = VocabGlass/Info.plist;
				INFOPLIST_KEY_NSMicrophoneUsageDescription = "VocabGlass listens for voice commands through your glasses";
				INFOPLIST_KEY_UIApplicationSceneManifest_Generation = YES;
				INFOPLIST_KEY_UIApplicationSupportsIndirectInputEvents = YES;
				INFOPLIST_KEY_UILaunchScreen_Generation = YES;
				INFOPLIST_KEY_UISupportedInterfaceOrientations_iPad = "UIInterfaceOrientationPortrait UIInterfaceOrientationPortraitUpsideDown UIInterfaceOrientationLandscapeLeft UIInterfaceOrientationLandscapeRight";
				INFOPLIST_KEY_UISupportedInterfaceOrientations_iPhone = "UIInterfaceOrientationPortrait UIInterfaceOrientationLandscapeLeft UIInterfaceOrientationLandscapeRight";
				LD_RUNPATH_SEARCH_PATHS = (
					"$(inherited)",
					"@executable_path/Frameworks",
				);
				MARKETING_VERSION = 1.0;
				PRODUCT_BUNDLE_IDENTIFIER = com.shunito.VocabGlass;
				PRODUCT_NAME = "$(TARGET_NAME)";
				STRING_CATALOG_GENERATE_SYMBOLS = YES;
				SWIFT_APPROACHABLE_CONCURRENCY = YES;
				SWIFT_DEFAULT_ACTOR_ISOLATION = MainActor;
				SWIFT_EMIT_LOC_STRINGS = YES;
				SWIFT_UPCOMING_FEATURE_MEMBER_IMPORT_VISIBILITY = YES;
				SWIFT_VERSION = 5.0;
				TARGETED_DEVICE_FAMILY = "1,2";
			};
			name = Debug;
		};
		01A8BB0B2FEB2EB500A55964 /* Release */ = {
			isa = XCBuildConfiguration;
			buildSettings = {
				ASSETCATALOG_COMPILER_APPICON_NAME = AppIcon;
				ASSETCATALOG_COMPILER_GLOBAL_ACCENT_COLOR_NAME = AccentColor;
				CODE_SIGN_STYLE = Automatic;
				CURRENT_PROJECT_VERSION = 1;
				DEVELOPMENT_TEAM = 4924TC3V4V;
				ENABLE_PREVIEWS = YES;
				GENERATE_INFOPLIST_FILE = YES;
				INFOPLIST_FILE = VocabGlass/Info.plist;
				INFOPLIST_KEY_NSMicrophoneUsageDescription = "VocabGlass listens for voice commands through your glasses";
				INFOPLIST_KEY_UIApplicationSceneManifest_Generation = YES;
				INFOPLIST_KEY_UIApplicationSupportsIndirectInputEvents = YES;
				INFOPLIST_KEY_UILaunchScreen_Generation = YES;
				INFOPLIST_KEY_UISupportedInterfaceOrientations_iPad = "UIInterfaceOrientationPortrait UIInterfaceOrientationPortraitUpsideDown UIInterfaceOrientationLandscapeLeft UIInterfaceOrientationLandscapeRight";
				INFOPLIST_KEY_UISupportedInterfaceOrientations_iPhone = "UIInterfaceOrientationPortrait UIInterfaceOrientationLandscapeLeft UIInterfaceOrientationLandscapeRight";
				LD_RUNPATH_SEARCH_PATHS = (
					"$(inherited)",
					"@executable_path/Frameworks",
				);
				MARKETING_VERSION = 1.0;
				PRODUCT_BUNDLE_IDENTIFIER = com.shunito.VocabGlass;
				PRODUCT_NAME = "$(TARGET_NAME)";
				STRING_CATALOG_GENERATE_SYMBOLS = YES;
				SWIFT_APPROACHABLE_CONCURRENCY = YES;
				SWIFT_DEFAULT_ACTOR_ISOLATION = MainActor;
				SWIFT_EMIT_LOC_STRINGS = YES;
				SWIFT_UPCOMING_FEATURE_MEMBER_IMPORT_VISIBILITY = YES;
				SWIFT_VERSION = 5.0;
				TARGETED_DEVICE_FAMILY = "1,2";
			};
			name = Release;
		};
		A100000000000000000000A8 /* Debug */ = {
			isa = XCBuildConfiguration;
			buildSettings = {
				BUNDLE_LOADER = "$(TEST_HOST)";
				CODE_SIGN_STYLE = Automatic;
				CURRENT_PROJECT_VERSION = 1;
				DEVELOPMENT_TEAM = 4924TC3V4V;
				GENERATE_INFOPLIST_FILE = YES;
				IPHONEOS_DEPLOYMENT_TARGET = 26.5;
				MARKETING_VERSION = 1.0;
				PRODUCT_BUNDLE_IDENTIFIER = com.shunito.VocabGlassTests;
				PRODUCT_NAME = "$(TARGET_NAME)";
				SWIFT_APPROACHABLE_CONCURRENCY = YES;
				SWIFT_DEFAULT_ACTOR_ISOLATION = MainActor;
				SWIFT_EMIT_LOC_STRINGS = NO;
				SWIFT_VERSION = 5.0;
				TARGETED_DEVICE_FAMILY = "1,2";
				TEST_HOST = "$(BUILT_PRODUCTS_DIR)/VocabGlass.app/$(BUNDLE_EXECUTABLE_FOLDER_PATH)/VocabGlass";
			};
			name = Debug;
		};
		A100000000000000000000A9 /* Release */ = {
			isa = XCBuildConfiguration;
			buildSettings = {
				BUNDLE_LOADER = "$(TEST_HOST)";
				CODE_SIGN_STYLE = Automatic;
				CURRENT_PROJECT_VERSION = 1;
				DEVELOPMENT_TEAM = 4924TC3V4V;
				GENERATE_INFOPLIST_FILE = YES;
				IPHONEOS_DEPLOYMENT_TARGET = 26.5;
				MARKETING_VERSION = 1.0;
				PRODUCT_BUNDLE_IDENTIFIER = com.shunito.VocabGlassTests;
				PRODUCT_NAME = "$(TARGET_NAME)";
				SWIFT_APPROACHABLE_CONCURRENCY = YES;
				SWIFT_DEFAULT_ACTOR_ISOLATION = MainActor;
				SWIFT_EMIT_LOC_STRINGS = NO;
				SWIFT_VERSION = 5.0;
				TARGETED_DEVICE_FAMILY = "1,2";
				TEST_HOST = "$(BUILT_PRODUCTS_DIR)/VocabGlass.app/$(BUNDLE_EXECUTABLE_FOLDER_PATH)/VocabGlass";
			};
			name = Release;
		};
		B100000000000000000000B8 /* Debug */ = {
			isa = XCBuildConfiguration;
			buildSettings = {
				CODE_SIGN_STYLE = Automatic;
				CURRENT_PROJECT_VERSION = 1;
				DEVELOPMENT_TEAM = 4924TC3V4V;
				GENERATE_INFOPLIST_FILE = YES;
				IPHONEOS_DEPLOYMENT_TARGET = 26.5;
				MARKETING_VERSION = 1.0;
				PRODUCT_BUNDLE_IDENTIFIER = com.shunito.VocabGlassUITests;
				PRODUCT_NAME = "$(TARGET_NAME)";
				SWIFT_EMIT_LOC_STRINGS = NO;
				SWIFT_VERSION = 5.0;
				TARGETED_DEVICE_FAMILY = "1,2";
				TEST_TARGET_NAME = VocabGlass;
			};
			name = Debug;
		};
		B100000000000000000000B9 /* Release */ = {
			isa = XCBuildConfiguration;
			buildSettings = {
				CODE_SIGN_STYLE = Automatic;
				CURRENT_PROJECT_VERSION = 1;
				DEVELOPMENT_TEAM = 4924TC3V4V;
				GENERATE_INFOPLIST_FILE = YES;
				IPHONEOS_DEPLOYMENT_TARGET = 26.5;
				MARKETING_VERSION = 1.0;
				PRODUCT_BUNDLE_IDENTIFIER = com.shunito.VocabGlassUITests;
				PRODUCT_NAME = "$(TARGET_NAME)";
				SWIFT_EMIT_LOC_STRINGS = NO;
				SWIFT_VERSION = 5.0;
				TARGETED_DEVICE_FAMILY = "1,2";
				TEST_TARGET_NAME = VocabGlass;
			};
			name = Release;
		};
/* End XCBuildConfiguration section */

/* Begin XCConfigurationList section */
		01A8BAF92FEB2EB400A55964 /* Build configuration list for PBXProject "VocabGlass" */ = {
			isa = XCConfigurationList;
			buildConfigurations = (
				01A8BB072FEB2EB500A55964 /* Debug */,
				01A8BB082FEB2EB500A55964 /* Release */,
			);
			defaultConfigurationIsVisible = 0;
			defaultConfigurationName = Release;
		};
		01A8BB092FEB2EB500A55964 /* Build configuration list for PBXNativeTarget "VocabGlass" */ = {
			isa = XCConfigurationList;
			buildConfigurations = (
				01A8BB0A2FEB2EB500A55964 /* Debug */,
				01A8BB0B2FEB2EB500A55964 /* Release */,
			);
			defaultConfigurationIsVisible = 0;
			defaultConfigurationName = Release;
		};
		A100000000000000000000A7 /* Build configuration list for PBXNativeTarget "VocabGlassTests" */ = {
			isa = XCConfigurationList;
			buildConfigurations = (
				A100000000000000000000A8 /* Debug */,
				A100000000000000000000A9 /* Release */,
			);
			defaultConfigurationIsVisible = 0;
			defaultConfigurationName = Release;
		};
		B100000000000000000000B7 /* Build configuration list for PBXNativeTarget "VocabGlassUITests" */ = {
			isa = XCConfigurationList;
			buildConfigurations = (
				B100000000000000000000B8 /* Debug */,
				B100000000000000000000B9 /* Release */,
			);
			defaultConfigurationIsVisible = 0;
			defaultConfigurationName = Release;
		};
/* End XCConfigurationList section */

/* Begin XCRemoteSwiftPackageReference section */
		01A8BB0C2FEB2FCC00A55964 /* XCRemoteSwiftPackageReference "meta-wearables-dat-ios" */ = {
			isa = XCRemoteSwiftPackageReference;
			repositoryURL = "https://github.com/facebook/meta-wearables-dat-ios";
			requirement = {
				kind = upToNextMajorVersion;
				minimumVersion = 0.7.0;
			};
		};
		01A8BB202FEB2FCC00A55964 /* XCRemoteSwiftPackageReference "WebRTC" */ = {
			isa = XCRemoteSwiftPackageReference;
			repositoryURL = "https://github.com/stasel/WebRTC.git";
			requirement = {
				kind = upToNextMajorVersion;
				minimumVersion = 125.0.0;
			};
		};
/* End XCRemoteSwiftPackageReference section */

/* Begin XCSwiftPackageProductDependency section */
		01A8BB0D2FEB2FCC00A55964 /* MWDATCamera */ = {
			isa = XCSwiftPackageProductDependency;
			package = 01A8BB0C2FEB2FCC00A55964 /* XCRemoteSwiftPackageReference "meta-wearables-dat-ios" */;
			productName = MWDATCamera;
		};
		01A8BB0F2FEB2FCC00A55964 /* MWDATCore */ = {
			isa = XCSwiftPackageProductDependency;
			package = 01A8BB0C2FEB2FCC00A55964 /* XCRemoteSwiftPackageReference "meta-wearables-dat-ios" */;
			productName = MWDATCore;
		};
		01A8BB112FEB2FCC00A55964 /* MWDATMockDevice */ = {
			isa = XCSwiftPackageProductDependency;
			package = 01A8BB0C2FEB2FCC00A55964 /* XCRemoteSwiftPackageReference "meta-wearables-dat-ios" */;
			productName = MWDATMockDevice;
		};
		01A8BB222FEB2FCC00A55964 /* WebRTC */ = {
			isa = XCSwiftPackageProductDependency;
			package = 01A8BB202FEB2FCC00A55964 /* XCRemoteSwiftPackageReference "WebRTC" */;
			productName = WebRTC;
		};
/* End XCSwiftPackageProductDependency section */
	};
	rootObject = 01A8BAF62FEB2EB400A55964 /* Project object */;
}
